
Microsoft Visual Studio Solution File, Format Version 12.00
# Visual Studio Version 17
VisualStudioVersion = 17.3.32922.545
MinimumVisualStudioVersion = 10.0.40219.1
Project("{9A19103F-16F7-4668-BE54-9A1E7A4F7556}") = "CustomerApi", "CustomerApi\CustomerApi.csproj", "{DD050D69-8694-4016-B92B-9A858FD534D4}"
EndProject
Project("{9A19103F-16F7-4668-BE54-9A1E7A4F7556}") = "CustomerApi.Service", "CustomerApi.Service\CustomerApi.Service.csproj", "{632033E4-4478-4CE0-9618-AE19442A8A1F}"
EndProject
Project("{FAE04EC0-301F-11D3-BF4B-00C04F79EFBC}") = "CustomerApi.Messaging.Send", "CustomerApi.Messaging.Send\CustomerApi.Messaging.Send.csproj", "{0CFF825C-D106-4E2C-97F5-20D8A0BA3875}"
EndProject
Global
	GlobalSection(SolutionConfigurationPlatforms) = preSolution
		Debug|Any CPU = Debug|Any CPU
		Release|Any CPU = Release|Any CPU
	EndGlobalSection
	GlobalSection(ProjectConfigurationPlatforms) = postSolution
		{DD050D69-8694-4016-B92B-9A858FD534D4}.Debug|Any CPU.ActiveCfg = Debug|Any CPU
		{DD050D69-8694-4016-B92B-9A858FD534D4}.Debug|Any CPU.Build.0 = Debug|Any CPU
		{DD050D69-8694-4016-B92B-9A858FD534D4}.Release|Any CPU.ActiveCfg = Release|Any CPU
		{DD050D69-8694-4016-B92B-9A858FD534D4}.Release|Any CPU.Build.0 = Release|Any CPU
		{632033E4-4478-4CE0-9618-AE19442A8A1F}.Debug|Any CPU.ActiveCfg = Debug|Any CPU
		{632033E4-4478-4CE0-9618-AE19442A8A1F}.Debug|Any CPU.Build.0 = Debug|Any CPU
		{632033E4-4478-4CE0-9618-AE19442A8A1F}.Release|Any CPU.ActiveCfg = Release|Any CPU
		{632033E4-4478-4CE0-9618-AE19442A8A1F}.Release|Any CPU.Build.0 = Release|Any CPU
		{0CFF825C-D106-4E2C-97F5-20D8A0BA3875}.Debug|Any CPU.ActiveCfg = Debug|Any CPU
		{0CFF825C-D106-4E2C-97F5-20D8A0BA3875}.Debug|Any CPU.Build.0 = Debug|Any CPU
		{0CFF825C-D106-4E2C-97F5-20D8A0BA3875}.Release|Any CPU.ActiveCfg = Release|Any CPU
		{0CFF825C-D106-4E2C-97F5-20D8A0BA3875}.Release|Any CPU.Build.0 = Release|Any CPU
	EndGlobalSection
	GlobalSection(SolutionProperties) = preSolution
		HideSolutionNode = FALSE
	EndGlobalSection
	GlobalSection(ExtensibilityGlobals) = postSolution
		SolutionGuid = {D7F06ED6-E9F9-45AF-A4A4-9EA95951E522}
	EndGlobalSection
EndGlobal
